
Microsoft Visual Studio Solution File, Format Version 12.00
# Visual Studio 2012
Project("{FAE04EC0-301F-11D3-BF4B-00C04F79EFBC}") = "Snow.Core", "Snow.Core\Snow.Core.csproj", "{635FD8CD-E54C-4571-BCFE-2C8C4BECAB51}"
EndProject
Project("{2150E333-8FDC-42A3-9474-1A3956D46DE8}") = ".nuget", ".nuget", "{6CDBD1CB-AB89-43FD-938C-5660ACD27941}"
	ProjectSection(SolutionItems) = preProject
		.nuget\NuGet.Config = .nuget\NuGet.Config
		.nuget\NuGet.exe = .nuget\NuGet.exe
		.nuget\NuGet.targets = .nuget\NuGet.targets
	EndProjectSection
EndProject
Project("{FAE04EC0-301F-11D3-BF4B-00C04F79EFBC}") = "Snow.Tests", "Snow.Tests\Snow.Tests.csproj", "{294B3779-8C33-44FF-B4FC-C82F6DD73DED}"
EndProject
Global
	GlobalSection(SolutionConfigurationPlatforms) = preSolution
		Debug|Any CPU = Debug|Any CPU
		Release|Any CPU = Release|Any CPU
	EndGlobalSection
	GlobalSection(ProjectConfigurationPlatforms) = postSolution
		{635FD8CD-E54C-4571-BCFE-2C8C4BECAB51}.Debug|Any CPU.ActiveCfg = Debug|Any CPU
		{635FD8CD-E54C-4571-BCFE-2C8C4BECAB51}.Debug|Any CPU.Build.0 = Debug|Any CPU
		{635FD8CD-E54C-4571-BCFE-2C8C4BECAB51}.Release|Any CPU.ActiveCfg = Release|Any CPU
		{635FD8CD-E54C-4571-BCFE-2C8C4BECAB51}.Release|Any CPU.Build.0 = Release|Any CPU
		{294B3779-8C33-44FF-B4FC-C82F6DD73DED}.Debug|Any CPU.ActiveCfg = Debug|Any CPU
		{294B3779-8C33-44FF-B4FC-C82F6DD73DED}.Debug|Any CPU.Build.0 = Debug|Any CPU
		{294B3779-8C33-44FF-B4FC-C82F6DD73DED}.Release|Any CPU.ActiveCfg = Release|Any CPU
		{294B3779-8C33-44FF-B4FC-C82F6DD73DED}.Release|Any CPU.Build.0 = Release|Any CPU
	EndGlobalSection
	GlobalSection(SolutionProperties) = preSolution
		HideSolutionNode = FALSE
	EndGlobalSection
EndGlobal
